
Microsoft Visual Studio Solution File, Format Version 12.00
# Visual Studio 14
VisualStudioVersion = 14.0.25420.1
MinimumVisualStudioVersion = 10.0.40219.1
Project("{FAE04EC0-301F-11D3-BF4B-00C04F79EFBC}") = "LAD08PackagingV1", "LAD08PackagingV1\LAD08PackagingV1.csproj", "{0DD930BA-D0DE-4229-A6B4-6C5D01187098}"
EndProject
Global
	GlobalSection(SolutionConfigurationPlatforms) = preSolution
		Debug|Any CPU = Debug|Any CPU
		Release|Any CPU = Release|Any CPU
	EndGlobalSection
	GlobalSection(ProjectConfigurationPlatforms) = postSolution
		{0DD930BA-D0DE-4229-A6B4-6C5D01187098}.Debug|Any CPU.ActiveCfg = Debug|Any CPU
		{0DD930BA-D0DE-4229-A6B4-6C5D01187098}.Debug|Any CPU.Build.0 = Debug|Any CPU
		{0DD930BA-D0DE-4229-A6B4-6C5D01187098}.Release|Any CPU.ActiveCfg = Release|Any CPU
		{0DD930BA-D0DE-4229-A6B4-6C5D01187098}.Release|Any CPU.Build.0 = Release|Any CPU
	EndGlobalSection
	GlobalSection(SolutionProperties) = preSolution
		HideSolutionNode = FALSE
	EndGlobalSection
EndGlobal
